// !$*UTF8*$!
{
	archiveVersion = 1;
	classes = {
	};
	objectVersion = 46;
	objects = {

/* Begin PBXBuildFile section */
		11EE7DAE1ED284C100DE5B4D /* main.m in Sources */ = {isa = PBXBuildFile; fileRef = 11EE7DAD1ED284C100DE5B4D /* main.m */; };
		11EE7DB11ED284C100DE5B4D /* AppDelegate.m in Sources */ = {isa = PBXBuildFile; fileRef = 11EE7DB01ED284C100DE5B4D /* AppDelegate.m */; };
		11EE7DB41ED284C100DE5B4D /* ViewController.m in Sources */ = {isa = PBXBuildFile; fileRef = 11EE7DB31ED284C100DE5B4D /* ViewController.m */; };
		11EE7DB71ED284C100DE5B4D /* Main.storyboard in Resources */ = {isa = PBXBuildFile; fileRef = 11EE7DB51ED284C100DE5B4D /* Main.storyboard */; };
		11EE7DB91ED284C100DE5B4D /* Assets.xcassets in Resources */ = {isa = PBXBuildFile; fileRef = 11EE7DB81ED284C100DE5B4D /* Assets.xcassets */; };
		11EE7DBC1ED284C100DE5B4D /* LaunchScreen.storyboard in Resources */ = {isa = PBXBuildFile; fileRef = 11EE7DBA1ED284C100DE5B4D /* LaunchScreen.storyboard */; };
		11EE7DC71ED284C100DE5B4D /* ______Tests.m in Sources */ = {isa = PBXBuildFile; fileRef = 11EE7DC61ED284C100DE5B4D /* ______Tests.m */; };
		11EE7DD21ED284C100DE5B4D /* ______UITests.m in Sources */ = {isa = PBXBuildFile; fileRef = 11EE7DD11ED284C100DE5B4D /* ______UITests.m */; };
		11EE7DE11ED2968200DE5B4D /* LikeAnimationLayer.m in Sources */ = {isa = PBXBuildFile; fileRef = 11EE7DE01ED2968200DE5B4D /* LikeAnimationLayer.m */; };
/* End PBXBuildFile section */

/* Begin PBXContainerItemProxy section */
		11EE7DC31ED284C100DE5B4D /* PBXContainerItemProxy */ = {
			isa = PBXContainerItemProxy;
			containerPortal = 11EE7DA11ED284C000DE5B4D /* Project object */;
			proxyType = 1;
			remoteGlobalIDString = 11EE7DA81ED284C000DE5B4D;
			remoteInfo = "轨迹漂浮动画";
		};
		11EE7DCE1ED284C100DE5B4D /* PBXContainerItemProxy */ = {
			isa = PBXContainerItemProxy;
			containerPortal = 11EE7DA11ED284C000DE5B4D /* Project object */;
			proxyType = 1;
			remoteGlobalIDString = 11EE7DA81ED284C000DE5B4D;
			remoteInfo = "轨迹漂浮动画";
		};
/* End PBXContainerItemProxy section */

/* Begin PBXFileReference section */
		11EE7DA91ED284C000DE5B4D /* 轨迹漂浮动画.app */ = {isa = PBXFileReference; explicitFileType = wrapper.application; includeInIndex = 0; path = "轨迹漂浮动画.app"; sourceTree = BUILT_PRODUCTS_DIR; };
		11EE7DAD1ED284C100DE5B4D /* main.m */ = {isa = PBXFileReference; lastKnownFileType = sourcecode.c.objc; path = main.m; sourceTree = "<group>"; };
		11EE7DAF1ED284C100DE5B4D /* AppDelegate.h */ = {isa = PBXFileReference; lastKnownFileType = sourcecode.c.h; path = AppDelegate.h; sourceTree = "<group>"; };
		11EE7DB01ED284C100DE5B4D /* AppDelegate.m */ = {isa = PBXFileReference; lastKnownFileType = sourcecode.c.objc; path = AppDelegate.m; sourceTree = "<group>"; };
		11EE7DB21ED284C100DE5B4D /* ViewController.h */ = {isa = PBXFileReference; lastKnownFileType = sourcecode.c.h; path = ViewController.h; sourceTree = "<group>"; };
		11EE7DB31ED284C100DE5B4D /* ViewController.m */ = {isa = PBXFileReference; lastKnownFileType = sourcecode.c.objc; path = ViewController.m; sourceTree = "<group>"; };
		11EE7DB61ED284C100DE5B4D /* Base */ = {isa = PBXFileReference; lastKnownFileType = file.storyboard; name = Base; path = Base.lproj/Main.storyboard; sourceTree = "<group>"; };
		11EE7DB81ED284C100DE5B4D /* Assets.xcassets */ = {isa = PBXFileReference; lastKnownFileType = folder.assetcatalog; path = Assets.xcassets; sourceTree = "<group>"; };
		11EE7DBB1ED284C100DE5B4D /* Base */ = {isa = PBXFileReference; lastKnownFileType = file.storyboard; name = Base; path = Base.lproj/LaunchScreen.storyboard; sourceTree = "<group>"; };
		11EE7DBD1ED284C100DE5B4D /* Info.plist */ = {isa = PBXFileReference; lastKnownFileType = text.plist.xml; path = Info.plist; sourceTree = "<group>"; };
		11EE7DC21ED284C100DE5B4D /* 轨迹漂浮动画Tests.xctest */ = {isa = PBXFileReference; explicitFileType = wrapper.cfbundle; includeInIndex = 0; path = "轨迹漂浮动画Tests.xctest"; sourceTree = BUILT_PRODUCTS_DIR; };
		11EE7DC61ED284C100DE5B4D /* ______Tests.m */ = {isa = PBXFileReference; lastKnownFileType = sourcecode.c.objc; path = "______Tests.m"; sourceTree = "<group>"; };
		11EE7DC81ED284C100DE5B4D /* Info.plist */ = {isa = PBXFileReference; lastKnownFileType = text.plist.xml; path = Info.plist; sourceTree = "<group>"; };
		11EE7DCD1ED284C100DE5B4D /* 轨迹漂浮动画UITests.xctest */ = {isa = PBXFileReference; explicitFileType = wrapper.cfbundle; includeInIndex = 0; path = "轨迹漂浮动画UITests.xctest"; sourceTree = BUILT_PRODUCTS_DIR; };
		11EE7DD11ED284C100DE5B4D /* ______UITests.m */ = {isa = PBXFileReference; lastKnownFileType = sourcecode.c.objc; path = "______UITests.m"; sourceTree = "<group>"; };
		11EE7DD31ED284C100DE5B4D /* Info.plist */ = {isa = PBXFileReference; lastKnownFileType = text.plist.xml; path = Info.plist; sourceTree = "<group>"; };
		11EE7DDF1ED2968200DE5B4D /* LikeAnimationLayer.h */ = {isa = PBXFileReference; fileEncoding = 4; lastKnownFileType = sourcecode.c.h; path = LikeAnimationLayer.h; sourceTree = "<group>"; };
		11EE7DE01ED2968200DE5B4D /* LikeAnimationLayer.m */ = {isa = PBXFileReference; fileEncoding = 4; lastKnownFileType = sourcecode.c.objc; path = LikeAnimationLayer.m; sourceTree = "<group>"; };
/* End PBXFileReference section */

/* Begin PBXFrameworksBuildPhase section */
		11EE7DA61ED284C000DE5B4D /* Frameworks */ = {
			isa = PBXFrameworksBuildPhase;
			buildActionMask = 2147483647;
			files = (
			);
			runOnlyForDeploymentPostprocessing = 0;
		};
		11EE7DBF1ED284C100DE5B4D /* Frameworks */ = {
			isa = PBXFrameworksBuildPhase;
			buildActionMask = 2147483647;
			files = (
			);
			runOnlyForDeploymentPostprocessing = 0;
		};
		11EE7DCA1ED284C100DE5B4D /* Frameworks */ = {
			isa = PBXFrameworksBuildPhase;
			buildActionMask = 2147483647;
			files = (
			);
			runOnlyForDeploymentPostprocessing = 0;
		};
/* End PBXFrameworksBuildPhase section */

/* Begin PBXGroup section */
		11EE7DA01ED284C000DE5B4D = {
			isa = PBXGroup;
			children = (
				11EE7DAB1ED284C000DE5B4D /* 轨迹漂浮动画 */,
				11EE7DC51ED284C100DE5B4D /* 轨迹漂浮动画Tests */,
				11EE7DD01ED284C100DE5B4D /* 轨迹漂浮动画UITests */,
				11EE7DAA1ED284C000DE5B4D /* Products */,
			);
			sourceTree = "<group>";
		};
		11EE7DAA1ED284C000DE5B4D /* Products */ = {
			isa = PBXGroup;
			children = (
				11EE7DA91ED284C000DE5B4D /* 轨迹漂浮动画.app */,
				11EE7DC21ED284C100DE5B4D /* 轨迹漂浮动画Tests.xctest */,
				11EE7DCD1ED284C100DE5B4D /* 轨迹漂浮动画UITests.xctest */,
			);
			name = Products;
			sourceTree = "<group>";
		};
		11EE7DAB1ED284C000DE5B4D /* 轨迹漂浮动画 */ = {
			isa = PBXGroup;
			children = (
				11EE7DAF1ED284C100DE5B4D /* AppDelegate.h */,
				11EE7DB01ED284C100DE5B4D /* AppDelegate.m */,
				11EE7DB21ED284C100DE5B4D /* ViewController.h */,
				11EE7DB31ED284C100DE5B4D /* ViewController.m */,
				11EE7DDF1ED2968200DE5B4D /* LikeAnimationLayer.h */,
				11EE7DE01ED2968200DE5B4D /* LikeAnimationLayer.m */,
				11EE7DB51ED284C100DE5B4D /* Main.storyboard */,
				11EE7DB81ED284C100DE5B4D /* Assets.xcassets */,
				11EE7DBA1ED284C100DE5B4D /* LaunchScreen.storyboard */,
				11EE7DBD1ED284C100DE5B4D /* Info.plist */,
				11EE7DAC1ED284C000DE5B4D /* Supporting Files */,
			);
			path = "轨迹漂浮动画";
			sourceTree = "<group>";
		};
		11EE7DAC1ED284C000DE5B4D /* Supporting Files */ = {
			isa = PBXGroup;
			children = (
				11EE7DAD1ED284C100DE5B4D /* main.m */,
			);
			name = "Supporting Files";
			sourceTree = "<group>";
		};
		11EE7DC51ED284C100DE5B4D /* 轨迹漂浮动画Tests */ = {
			isa = PBXGroup;
			children = (
				11EE7DC61ED284C100DE5B4D /* ______Tests.m */,
				11EE7DC81ED284C100DE5B4D /* Info.plist */,
			);
			path = "轨迹漂浮动画Tests";
			sourceTree = "<group>";
		};
		11EE7DD01ED284C100DE5B4D /* 轨迹漂浮动画UITests */ = {
			isa = PBXGroup;
			children = (
				11EE7DD11ED284C100DE5B4D /* ______UITests.m */,
				11EE7DD31ED284C100DE5B4D /* Info.plist */,
			);
			path = "轨迹漂浮动画UITests";
			sourceTree = "<group>";
		};
/* End PBXGroup section */

/* Begin PBXNativeTarget section */
		11EE7DA81ED284C000DE5B4D /* 轨迹漂浮动画 */ = {
			isa = PBXNativeTarget;
			buildConfigurationList = 11EE7DD61ED284C100DE5B4D /* Build configuration list for PBXNativeTarget "轨迹漂浮动画" */;
			buildPhases = (
				11EE7DA51ED284C000DE5B4D /* Sources */,
				11EE7DA61ED284C000DE5B4D /* Frameworks */,
				11EE7DA71ED284C000DE5B4D /* Resources */,
			);
			buildRules = (
			);
			dependencies = (
			);
			name = "轨迹漂浮动画";
			productName = "轨迹漂浮动画";
			productReference = 11EE7DA91ED284C000DE5B4D /* 轨迹漂浮动画.app */;
			productType = "com.apple.product-type.application";
		};
		11EE7DC11ED284C100DE5B4D /* 轨迹漂浮动画Tests */ = {
			isa = PBXNativeTarget;
			buildConfigurationList = 11EE7DD91ED284C100DE5B4D /* Build configuration list for PBXNativeTarget "轨迹漂浮动画Tests" */;
			buildPhases = (
				11EE7DBE1ED284C100DE5B4D /* Sources */,
				11EE7DBF1ED284C100DE5B4D /* Frameworks */,
				11EE7DC01ED284C100DE5B4D /* Resources */,
			);
			buildRules = (
			);
			dependencies = (
				11EE7DC41ED284C100DE5B4D /* PBXTargetDependency */,
			);
			name = "轨迹漂浮动画Tests";
			productName = "轨迹漂浮动画Tests";
			productReference = 11EE7DC21ED284C100DE5B4D /* 轨迹漂浮动画Tests.xctest */;
			productType = "com.apple.product-type.bundle.unit-test";
		};
		11EE7DCC1ED284C100DE5B4D /* 轨迹漂浮动画UITests */ = {
			isa = PBXNativeTarget;
			buildConfigurationList = 11EE7DDC1ED284C100DE5B4D /* Build configuration list for PBXNativeTarget "轨迹漂浮动画UITests" */;
			buildPhases = (
				11EE7DC91ED284C100DE5B4D /* Sources */,
				11EE7DCA1ED284C100DE5B4D /* Frameworks */,
				11EE7DCB1ED284C100DE5B4D /* Resources */,
			);
			buildRules = (
			);
			dependencies = (
				11EE7DCF1ED284C100DE5B4D /* PBXTargetDependency */,
			);
			name = "轨迹漂浮动画UITests";
			productName = "轨迹漂浮动画UITests";
			productReference = 11EE7DCD1ED284C100DE5B4D /* 轨迹漂浮动画UITests.xctest */;
			productType = "com.apple.product-type.bundle.ui-testing";
		};
/* End PBXNativeTarget section */

/* Begin PBXProject section */
		11EE7DA11ED284C000DE5B4D /* Project object */ = {
			isa = PBXProject;
			attributes = {
				LastUpgradeCheck = 0830;
				ORGANIZATIONNAME = "中天易观";
				TargetAttributes = {
					11EE7DA81ED284C000DE5B4D = {
						CreatedOnToolsVersion = 8.3.2;
						DevelopmentTeam = 6VBE2N88LJ;
						ProvisioningStyle = Automatic;
					};
					11EE7DC11ED284C100DE5B4D = {
						CreatedOnToolsVersion = 8.3.2;
						DevelopmentTeam = 6VBE2N88LJ;
						ProvisioningStyle = Automatic;
						TestTargetID = 11EE7DA81ED284C000DE5B4D;
					};
					11EE7DCC1ED284C100DE5B4D = {
						CreatedOnToolsVersion = 8.3.2;
						DevelopmentTeam = 6VBE2N88LJ;
						ProvisioningStyle = Automatic;
						TestTargetID = 11EE7DA81ED284C000DE5B4D;
					};
				};
			};
			buildConfigurationList = 11EE7DA41ED284C000DE5B4D /* Build configuration list for PBXProject "轨迹漂浮动画" */;
			compatibilityVersion = "Xcode 3.2";
			developmentRegion = English;
			hasScannedForEncodings = 0;
			knownRegions = (
				en,
				Base,
			);
			mainGroup = 11EE7DA01ED284C000DE5B4D;
			productRefGroup = 11EE7DAA1ED284C000DE5B4D /* Products */;
			projectDirPath = "";
			projectRoot = "";
			targets = (
				11EE7DA81ED284C000DE5B4D /* 轨迹漂浮动画 */,
				11EE7DC11ED284C100DE5B4D /* 轨迹漂浮动画Tests */,
				11EE7DCC1ED284C100DE5B4D /* 轨迹漂浮动画UITests */,
			);
		};
/* End PBXProject section */

/* Begin PBXResourcesBuildPhase section */
		11EE7DA71ED284C000DE5B4D /* Resources */ = {
			isa = PBXResourcesBuildPhase;
			buildActionMask = 2147483647;
			files = (
				11EE7DBC1ED284C100DE5B4D /* LaunchScreen.storyboard in Resources */,
				11EE7DB91ED284C100DE5B4D /* Assets.xcassets in Resources */,
				11EE7DB71ED284C100DE5B4D /* Main.storyboard in Resources */,
			);
			runOnlyForDeploymentPostprocessing = 0;
		};
		11EE7DC01ED284C100DE5B4D /* Resources */ = {
			isa = PBXResourcesBuildPhase;
			buildActionMask = 2147483647;
			files = (
			);
			runOnlyForDeploymentPostprocessing = 0;
		};
		11EE7DCB1ED284C100DE5B4D /* Resources */ = {
			isa = PBXResourcesBuildPhase;
			buildActionMask = 2147483647;
			files = (
			);
			runOnlyForDeploymentPostprocessing = 0;
		};
/* End PBXResourcesBuildPhase section */

/* Begin PBXSourcesBuildPhase section */
		11EE7DA51ED284C000DE5B4D /* Sources */ = {
			isa = PBXSourcesBuildPhase;
			buildActionMask = 2147483647;
			files = (
				11EE7DB41ED284C100DE5B4D /* ViewController.m in Sources */,
				11EE7DE11ED2968200DE5B4D /* LikeAnimationLayer.m in Sources */,
				11EE7DB11ED284C100DE5B4D /* AppDelegate.m in Sources */,
				11EE7DAE1ED284C100DE5B4D /* main.m in Sources */,
			);
			runOnlyForDeploymentPostprocessing = 0;
		};
		11EE7DBE1ED284C100DE5B4D /* Sources */ = {
			isa = PBXSourcesBuildPhase;
			buildActionMask = 2147483647;
			files = (
				11EE7DC71ED284C100DE5B4D /* ______Tests.m in Sources */,
			);
			runOnlyForDeploymentPostprocessing = 0;
		};
		11EE7DC91ED284C100DE5B4D /* Sources */ = {
			isa = PBXSourcesBuildPhase;
			buildActionMask = 2147483647;
			files = (
				11EE7DD21ED284C100DE5B4D /* ______UITests.m in Sources */,
			);
			runOnlyForDeploymentPostprocessing = 0;
		};
/* End PBXSourcesBuildPhase section */

/* Begin PBXTargetDependency section */
		11EE7DC41ED284C100DE5B4D /* PBXTargetDependency */ = {
			isa = PBXTargetDependency;
			target = 11EE7DA81ED284C000DE5B4D /* 轨迹漂浮动画 */;
			targetProxy = 11EE7DC31ED284C100DE5B4D /* PBXContainerItemProxy */;
		};
		11EE7DCF1ED284C100DE5B4D /* PBXTargetDependency */ = {
			isa = PBXTargetDependency;
			target = 11EE7DA81ED284C000DE5B4D /* 轨迹漂浮动画 */;
			targetProxy = 11EE7DCE1ED284C100DE5B4D /* PBXContainerItemProxy */;
		};
/* End PBXTargetDependency section */

/* Begin PBXVariantGroup section */
		11EE7DB51ED284C100DE5B4D /* Main.storyboard */ = {
			isa = PBXVariantGroup;
			children = (
				11EE7DB61ED284C100DE5B4D /* Base */,
			);
			name = Main.storyboard;
			sourceTree = "<group>";
		};
		11EE7DBA1ED284C100DE5B4D /* LaunchScreen.storyboard */ = {
			isa = PBXVariantGroup;
			children = (
				11EE7DBB1ED284C100DE5B4D /* Base */,
			);
			name = LaunchScreen.storyboard;
			sourceTree = "<group>";
		};
/* End PBXVariantGroup section */

/* Begin XCBuildConfiguration section */
		11EE7DD41ED284C100DE5B4D /* Debug */ = {
			isa = XCBuildConfiguration;
			buildSettings = {
				ALWAYS_SEARCH_USER_PATHS = NO;
				CLANG_ANALYZER_NONNULL = YES;
				CLANG_ANALYZER_NUMBER_OBJECT_CONVERSION = YES_AGGRESSIVE;
				CLANG_CXX_LANGUAGE_STANDARD = "gnu++0x";
				CLANG_CXX_LIBRARY = "libc++";
				CLANG_ENABLE_MODULES = YES;
				CLANG_ENABLE_OBJC_ARC = YES;
				CLANG_WARN_BOOL_CONVERSION = YES;
				CLANG_WARN_CONSTANT_CONVERSION = YES;
				CLANG_WARN_DIRECT_OBJC_ISA_USAGE = YES_ERROR;
				CLANG_WARN_DOCUMENTATION_COMMENTS = YES;
				CLANG_WARN_EMPTY_BODY = YES;
				CLANG_WARN_ENUM_CONVERSION = YES;
				CLANG_WARN_INFINITE_RECURSION = YES;
				CLANG_WARN_INT_CONVERSION = YES;
				CLANG_WARN_OBJC_ROOT_CLASS = YES_ERROR;
				CLANG_WARN_SUSPICIOUS_MOVE = YES;
				CLANG_WARN_UNREACHABLE_CODE = YES;
				CLANG_WARN__DUPLICATE_METHOD_MATCH = YES;
				"CODE_SIGN_IDENTITY[sdk=iphoneos*]" = "iPhone Developer";
				COPY_PHASE_STRIP = NO;
				DEBUG_INFORMATION_FORMAT = dwarf;
				ENABLE_STRICT_OBJC_MSGSEND = YES;
				ENABLE_TESTABILITY = YES;
				GCC_C_LANGUAGE_STANDARD = gnu99;
				GCC_DYNAMIC_NO_PIC = NO;
				GCC_NO_COMMON_BLOCKS = YES;
				GCC_OPTIMIZATION_LEVEL = 0;
				GCC_PREPROCESSOR_DEFINITIONS = (
					"DEBUG=1",
					"$(inherited)",
				);
				GCC_WARN_64_TO_32_BIT_CONVERSION = YES;
				GCC_WARN_ABOUT_RETURN_TYPE = YES_ERROR;
				GCC_WARN_UNDECLARED_SELECTOR = YES;
				GCC_WARN_UNINITIALIZED_AUTOS = YES_AGGRESSIVE;
				GCC_WARN_UNUSED_FUNCTION = YES;
				GCC_WARN_UNUSED_VARIABLE = YES;
				IPHONEOS_DEPLOYMENT_TARGET = 10.3;
				MTL_ENABLE_DEBUG_INFO = YES;
				ONLY_ACTIVE_ARCH = YES;
				SDKROOT = iphoneos;
			};
			name = Debug;
		};
		11EE7DD51ED284C100DE5B4D /* Release */ = {
			isa = XCBuildConfiguration;
			buildSettings = {
				ALWAYS_SEARCH_USER_PATHS = NO;
				CLANG_ANALYZER_NONNULL = YES;
				CLANG_ANALYZER_NUMBER_OBJECT_CONVERSION = YES_AGGRESSIVE;
				CLANG_CXX_LANGUAGE_STANDARD = "gnu++0x";
				CLANG_CXX_LIBRARY = "libc++";
				CLANG_ENABLE_MODULES = YES;
				CLANG_ENABLE_OBJC_ARC = YES;
				CLANG_WARN_BOOL_CONVERSION = YES;
				CLANG_WARN_CONSTANT_CONVERSION = YES;
				CLANG_WARN_DIRECT_OBJC_ISA_USAGE = YES_ERROR;
				CLANG_WARN_DOCUMENTATION_COMMENTS = YES;
				CLANG_WARN_EMPTY_BODY = YES;
				CLANG_WARN_ENUM_CONVERSION = YES;
				CLANG_WARN_INFINITE_RECURSION = YES;
				CLANG_WARN_INT_CONVERSION = YES;
				CLANG_WARN_OBJC_ROOT_CLASS = YES_ERROR;
				CLANG_WARN_SUSPICIOUS_MOVE = YES;
				CLANG_WARN_UNREACHABLE_CODE = YES;
				CLANG_WARN__DUPLICATE_METHOD_MATCH = YES;
				"CODE_SIGN_IDENTITY[sdk=iphoneos*]" = "iPhone Developer";
				COPY_PHASE_STRIP = NO;
				DEBUG_INFORMATION_FORMAT = "dwarf-with-dsym";
				ENABLE_NS_ASSERTIONS = NO;
				ENABLE_STRICT_OBJC_MSGSEND = YES;
				GCC_C_LANGUAGE_STANDARD = gnu99;
				GCC_NO_COMMON_BLOCKS = YES;
				GCC_WARN_64_TO_32_BIT_CONVERSION = YES;
				GCC_WARN_ABOUT_RETURN_TYPE = YES_ERROR;
				GCC_WARN_UNDECLARED_SELECTOR = YES;
				GCC_WARN_UNINITIALIZED_AUTOS = YES_AGGRESSIVE;
				GCC_WARN_UNUSED_FUNCTION = YES;
				GCC_WARN_UNUSED_VARIABLE = YES;
				IPHONEOS_DEPLOYMENT_TARGET = 10.3;
				MTL_ENABLE_DEBUG_INFO = NO;
				SDKROOT = iphoneos;
				VALIDATE_PRODUCT = YES;
			};
			name = Release;
		};
		11EE7DD71ED284C100DE5B4D /* Debug */ = {
			isa = XCBuildConfiguration;
			buildSettings = {
				ASSETCATALOG_COMPILER_APPICON_NAME = AppIcon;
				DEVELOPMENT_TEAM = 6VBE2N88LJ;
				INFOPLIST_FILE = "轨迹漂浮动画/Info.plist";
				LD_RUNPATH_SEARCH_PATHS = "$(inherited) @executable_path/Frameworks";
				PRODUCT_BUNDLE_IDENTIFIER = "com.iezview.------";
				PRODUCT_NAME = "$(TARGET_NAME)";
			};
			name = Debug;
		};
		11EE7DD81ED284C100DE5B4D /* Release */ = {
			isa = XCBuildConfiguration;
			buildSettings = {
				ASSETCATALOG_COMPILER_APPICON_NAME = AppIcon;
				DEVELOPMENT_TEAM = 6VBE2N88LJ;
				INFOPLIST_FILE = "轨迹漂浮动画/Info.plist";
				LD_RUNPATH_SEARCH_PATHS = "$(inherited) @executable_path/Frameworks";
				PRODUCT_BUNDLE_IDENTIFIER = "com.iezview.------";
				PRODUCT_NAME = "$(TARGET_NAME)";
			};
			name = Release;
		};
		11EE7DDA1ED284C100DE5B4D /* Debug */ = {
			isa = XCBuildConfiguration;
			buildSettings = {
				BUNDLE_LOADER = "$(TEST_HOST)";
				DEVELOPMENT_TEAM = 6VBE2N88LJ;
				INFOPLIST_FILE = "轨迹漂浮动画Tests/Info.plist";
				LD_RUNPATH_SEARCH_PATHS = "$(inherited) @executable_path/Frameworks @loader_path/Frameworks";
				PRODUCT_BUNDLE_IDENTIFIER = "com.iezview.------Tests";
				PRODUCT_NAME = "$(TARGET_NAME)";
				TEST_HOST = "$(BUILT_PRODUCTS_DIR)/轨迹漂浮动画.app/轨迹漂浮动画";
			};
			name = Debug;
		};
		11EE7DDB1ED284C100DE5B4D /* Release */ = {
			isa = XCBuildConfiguration;
			buildSettings = {
				BUNDLE_LOADER = "$(TEST_HOST)";
				DEVELOPMENT_TEAM = 6VBE2N88LJ;
				INFOPLIST_FILE = "轨迹漂浮动画Tests/Info.plist";
				LD_RUNPATH_SEARCH_PATHS = "$(inherited) @executable_path/Frameworks @loader_path/Frameworks";
				PRODUCT_BUNDLE_IDENTIFIER = "com.iezview.------Tests";
				PRODUCT_NAME = "$(TARGET_NAME)";
				TEST_HOST = "$(BUILT_PRODUCTS_DIR)/轨迹漂浮动画.app/轨迹漂浮动画";
			};
			name = Release;
		};
		11EE7DDD1ED284C100DE5B4D /* Debug */ = {
			isa = XCBuildConfiguration;
			buildSettings = {
				DEVELOPMENT_TEAM = 6VBE2N88LJ;
				INFOPLIST_FILE = "轨迹漂浮动画UITests/Info.plist";
				LD_RUNPATH_SEARCH_PATHS = "$(inherited) @executable_path/Frameworks @loader_path/Frameworks";
				PRODUCT_BUNDLE_IDENTIFIER = "com.iezview.------UITests";
				PRODUCT_NAME = "$(TARGET_NAME)";
				TEST_TARGET_NAME = "轨迹漂浮动画";
			};
			name = Debug;
		};
		11EE7DDE1ED284C100DE5B4D /* Release */ = {
			isa = XCBuildConfiguration;
			buildSettings = {
				DEVELOPMENT_TEAM = 6VBE2N88LJ;
				INFOPLIST_FILE = "轨迹漂浮动画UITests/Info.plist";
				LD_RUNPATH_SEARCH_PATHS = "$(inherited) @executable_path/Frameworks @loader_path/Frameworks";
				PRODUCT_BUNDLE_IDENTIFIER = "com.iezview.------UITests";
				PRODUCT_NAME = "$(TARGET_NAME)";
				TEST_TARGET_NAME = "轨迹漂浮动画";
			};
			name = Release;
		};
/* End XCBuildConfiguration section */

/* Begin XCConfigurationList section */
		11EE7DA41ED284C000DE5B4D /* Build configuration list for PBXProject "轨迹漂浮动画" */ = {
			isa = XCConfigurationList;
			buildConfigurations = (
				11EE7DD41ED284C100DE5B4D /* Debug */,
				11EE7DD51ED284C100DE5B4D /* Release */,
			);
			defaultConfigurationIsVisible = 0;
			defaultConfigurationName = Release;
		};
		11EE7DD61ED284C100DE5B4D /* Build configuration list for PBXNativeTarget "轨迹漂浮动画" */ = {
			isa = XCConfigurationList;
			buildConfigurations = (
				11EE7DD71ED284C100DE5B4D /* Debug */,
				11EE7DD81ED284C100DE5B4D /* Release */,
			);
			defaultConfigurationIsVisible = 0;
		};
		11EE7DD91ED284C100DE5B4D /* Build configuration list for PBXNativeTarget "轨迹漂浮动画Tests" */ = {
			isa = XCConfigurationList;
			buildConfigurations = (
				11EE7DDA1ED284C100DE5B4D /* Debug */,
				11EE7DDB1ED284C100DE5B4D /* Release */,
			);
			defaultConfigurationIsVisible = 0;
		};
		11EE7DDC1ED284C100DE5B4D /* Build configuration list for PBXNativeTarget "轨迹漂浮动画UITests" */ = {
			isa = XCConfigurationList;
			buildConfigurations = (
				11EE7DDD1ED284C100DE5B4D /* Debug */,
				11EE7DDE1ED284C100DE5B4D /* Release */,
			);
			defaultConfigurationIsVisible = 0;
		};
/* End XCConfigurationList section */
	};
	rootObject = 11EE7DA11ED284C000DE5B4D /* Project object */;
}
